
Microsoft Visual Studio Solution File, Format Version 12.00
Project("{FAE04EC0-301F-11D3-BF4B-00C04F79EFBC}") = "API_Rest", "API_Rest\API_Rest.csproj", "{374DDCCE-F009-470C-A96C-6BF7B298C7AF}"
EndProject
Global
	GlobalSection(SolutionConfigurationPlatforms) = preSolution
		Debug|Any CPU = Debug|Any CPU
		Release|Any CPU = Release|Any CPU
	EndGlobalSection
	GlobalSection(ProjectConfigurationPlatforms) = postSolution
		{374DDCCE-F009-470C-A96C-6BF7B298C7AF}.Debug|Any CPU.ActiveCfg = Debug|Any CPU
		{374DDCCE-F009-470C-A96C-6BF7B298C7AF}.Debug|Any CPU.Build.0 = Debug|Any CPU
		{374DDCCE-F009-470C-A96C-6BF7B298C7AF}.Release|Any CPU.ActiveCfg = Release|Any CPU
		{374DDCCE-F009-470C-A96C-6BF7B298C7AF}.Release|Any CPU.Build.0 = Release|Any CPU
	EndGlobalSection
EndGlobal
